
Microsoft Visual Studio Solution File, Format Version 12.00
# Visual Studio Version 17
VisualStudioVersion = 17.0.31903.59
MinimumVisualStudioVersion = 10.0.40219.1
Project("{2150E333-8FDC-42A3-9474-1A3956D46DE8}") = "src", "src", "{827E0CD3-B72D-47B6-A68D-7590B98EB39B}"
EndProject
Project("{FAE04EC0-301F-11D3-BF4B-00C04F79EFBC}") = "AuctionService", "src\AuctionService\AuctionService.csproj", "{88652E13-045F-4C1A-9C05-BB5E9BB9D44C}"
EndProject
Project("{FAE04EC0-301F-11D3-BF4B-00C04F79EFBC}") = "SearchService", "src\SearchService\SearchService.csproj", "{A33891FE-0232-404D-9F88-6DFB16F856CC}"
EndProject
Project("{FAE04EC0-301F-11D3-BF4B-00C04F79EFBC}") = "Contracts", "src\Contracts\Contracts.csproj", "{14C18D53-30B1-48D5-AB0F-7FE41CE4C420}"
EndProject
Project("{FAE04EC0-301F-11D3-BF4B-00C04F79EFBC}") = "IdentityService", "src\IdentityService\IdentityService.csproj", "{0D160E02-1899-477D-B982-ED489D6E8170}"
EndProject
Project("{FAE04EC0-301F-11D3-BF4B-00C04F79EFBC}") = "GatewayService", "src\GatewayService\GatewayService.csproj", "{A4CB465B-395C-4A20-BA26-7B7FB04B82EE}"
EndProject
Global
	GlobalSection(SolutionConfigurationPlatforms) = preSolution
		Debug|Any CPU = Debug|Any CPU
		Debug|x64 = Debug|x64
		Debug|x86 = Debug|x86
		Release|Any CPU = Release|Any CPU
		Release|x64 = Release|x64
		Release|x86 = Release|x86
	EndGlobalSection
	GlobalSection(ProjectConfigurationPlatforms) = postSolution
		{88652E13-045F-4C1A-9C05-BB5E9BB9D44C}.Debug|Any CPU.ActiveCfg = Debug|Any CPU
		{88652E13-045F-4C1A-9C05-BB5E9BB9D44C}.Debug|Any CPU.Build.0 = Debug|Any CPU
		{88652E13-045F-4C1A-9C05-BB5E9BB9D44C}.Debug|x64.ActiveCfg = Debug|Any CPU
		{88652E13-045F-4C1A-9C05-BB5E9BB9D44C}.Debug|x64.Build.0 = Debug|Any CPU
		{88652E13-045F-4C1A-9C05-BB5E9BB9D44C}.Debug|x86.ActiveCfg = Debug|Any CPU
		{88652E13-045F-4C1A-9C05-BB5E9BB9D44C}.Debug|x86.Build.0 = Debug|Any CPU
		{88652E13-045F-4C1A-9C05-BB5E9BB9D44C}.Release|Any CPU.ActiveCfg = Release|Any CPU
		{88652E13-045F-4C1A-9C05-BB5E9BB9D44C}.Release|Any CPU.Build.0 = Release|Any CPU
		{88652E13-045F-4C1A-9C05-BB5E9BB9D44C}.Release|x64.ActiveCfg = Release|Any CPU
		{88652E13-045F-4C1A-9C05-BB5E9BB9D44C}.Release|x64.Build.0 = Release|Any CPU
		{88652E13-045F-4C1A-9C05-BB5E9BB9D44C}.Release|x86.ActiveCfg = Release|Any CPU
		{88652E13-045F-4C1A-9C05-BB5E9BB9D44C}.Release|x86.Build.0 = Release|Any CPU
		{A33891FE-0232-404D-9F88-6DFB16F856CC}.Debug|Any CPU.ActiveCfg = Debug|Any CPU
		{A33891FE-0232-404D-9F88-6DFB16F856CC}.Debug|Any CPU.Build.0 = Debug|Any CPU
		{A33891FE-0232-404D-9F88-6DFB16F856CC}.Debug|x64.ActiveCfg = Debug|Any CPU
		{A33891FE-0232-404D-9F88-6DFB16F856CC}.Debug|x64.Build.0 = Debug|Any CPU
		{A33891FE-0232-404D-9F88-6DFB16F856CC}.Debug|x86.ActiveCfg = Debug|Any CPU
		{A33891FE-0232-404D-9F88-6DFB16F856CC}.Debug|x86.Build.0 = Debug|Any CPU
		{A33891FE-0232-404D-9F88-6DFB16F856CC}.Release|Any CPU.ActiveCfg = Release|Any CPU
		{A33891FE-0232-404D-9F88-6DFB16F856CC}.Release|Any CPU.Build.0 = Release|Any CPU
		{A33891FE-0232-404D-9F88-6DFB16F856CC}.Release|x64.ActiveCfg = Release|Any CPU
		{A33891FE-0232-404D-9F88-6DFB16F856CC}.Release|x64.Build.0 = Release|Any CPU
		{A33891FE-0232-404D-9F88-6DFB16F856CC}.Release|x86.ActiveCfg = Release|Any CPU
		{A33891FE-0232-404D-9F88-6DFB16F856CC}.Release|x86.Build.0 = Release|Any CPU
		{14C18D53-30B1-48D5-AB0F-7FE41CE4C420}.Debug|Any CPU.ActiveCfg = Debug|Any CPU
		{14C18D53-30B1-48D5-AB0F-7FE41CE4C420}.Debug|Any CPU.Build.0 = Debug|Any CPU
		{14C18D53-30B1-48D5-AB0F-7FE41CE4C420}.Debug|x64.ActiveCfg = Debug|Any CPU
		{14C18D53-30B1-48D5-AB0F-7FE41CE4C420}.Debug|x64.Build.0 = Debug|Any CPU
		{14C18D53-30B1-48D5-AB0F-7FE41CE4C420}.Debug|x86.ActiveCfg = Debug|Any CPU
		{14C18D53-30B1-48D5-AB0F-7FE41CE4C420}.Debug|x86.Build.0 = Debug|Any CPU
		{14C18D53-30B1-48D5-AB0F-7FE41CE4C420}.Release|Any CPU.ActiveCfg = Release|Any CPU
		{14C18D53-30B1-48D5-AB0F-7FE41CE4C420}.Release|Any CPU.Build.0 = Release|Any CPU
		{14C18D53-30B1-48D5-AB0F-7FE41CE4C420}.Release|x64.ActiveCfg = Release|Any CPU
		{14C18D53-30B1-48D5-AB0F-7FE41CE4C420}.Release|x64.Build.0 = Release|Any CPU
		{14C18D53-30B1-48D5-AB0F-7FE41CE4C420}.Release|x86.ActiveCfg = Release|Any CPU
		{14C18D53-30B1-48D5-AB0F-7FE41CE4C420}.Release|x86.Build.0 = Release|Any CPU
		{0D160E02-1899-477D-B982-ED489D6E8170}.Debug|Any CPU.ActiveCfg = Debug|Any CPU
		{0D160E02-1899-477D-B982-ED489D6E8170}.Debug|Any CPU.Build.0 = Debug|Any CPU
		{0D160E02-1899-477D-B982-ED489D6E8170}.Debug|x64.ActiveCfg = Debug|Any CPU
		{0D160E02-1899-477D-B982-ED489D6E8170}.Debug|x64.Build.0 = Debug|Any CPU
		{0D160E02-1899-477D-B982-ED489D6E8170}.Debug|x86.ActiveCfg = Debug|Any CPU
		{0D160E02-1899-477D-B982-ED489D6E8170}.Debug|x86.Build.0 = Debug|Any CPU
		{0D160E02-1899-477D-B982-ED489D6E8170}.Release|Any CPU.ActiveCfg = Release|Any CPU
		{0D160E02-1899-477D-B982-ED489D6E8170}.Release|Any CPU.Build.0 = Release|Any CPU
		{0D160E02-1899-477D-B982-ED489D6E8170}.Release|x64.ActiveCfg = Release|Any CPU
		{0D160E02-1899-477D-B982-ED489D6E8170}.Release|x64.Build.0 = Release|Any CPU
		{0D160E02-1899-477D-B982-ED489D6E8170}.Release|x86.ActiveCfg = Release|Any CPU
		{0D160E02-1899-477D-B982-ED489D6E8170}.Release|x86.Build.0 = Release|Any CPU
		{A4CB465B-395C-4A20-BA26-7B7FB04B82EE}.Debug|Any CPU.ActiveCfg = Debug|Any CPU
		{A4CB465B-395C-4A20-BA26-7B7FB04B82EE}.Debug|Any CPU.Build.0 = Debug|Any CPU
		{A4CB465B-395C-4A20-BA26-7B7FB04B82EE}.Debug|x64.ActiveCfg = Debug|Any CPU
		{A4CB465B-395C-4A20-BA26-7B7FB04B82EE}.Debug|x64.Build.0 = Debug|Any CPU
		{A4CB465B-395C-4A20-BA26-7B7FB04B82EE}.Debug|x86.ActiveCfg = Debug|Any CPU
		{A4CB465B-395C-4A20-BA26-7B7FB04B82EE}.Debug|x86.Build.0 = Debug|Any CPU
		{A4CB465B-395C-4A20-BA26-7B7FB04B82EE}.Release|Any CPU.ActiveCfg = Release|Any CPU
		{A4CB465B-395C-4A20-BA26-7B7FB04B82EE}.Release|Any CPU.Build.0 = Release|Any CPU
		{A4CB465B-395C-4A20-BA26-7B7FB04B82EE}.Release|x64.ActiveCfg = Release|Any CPU
		{A4CB465B-395C-4A20-BA26-7B7FB04B82EE}.Release|x64.Build.0 = Release|Any CPU
		{A4CB465B-395C-4A20-BA26-7B7FB04B82EE}.Release|x86.ActiveCfg = Release|Any CPU
		{A4CB465B-395C-4A20-BA26-7B7FB04B82EE}.Release|x86.Build.0 = Release|Any CPU
	EndGlobalSection
	GlobalSection(SolutionProperties) = preSolution
		HideSolutionNode = FALSE
	EndGlobalSection
	GlobalSection(NestedProjects) = preSolution
		{88652E13-045F-4C1A-9C05-BB5E9BB9D44C} = {827E0CD3-B72D-47B6-A68D-7590B98EB39B}
		{A33891FE-0232-404D-9F88-6DFB16F856CC} = {827E0CD3-B72D-47B6-A68D-7590B98EB39B}
		{14C18D53-30B1-48D5-AB0F-7FE41CE4C420} = {827E0CD3-B72D-47B6-A68D-7590B98EB39B}
		{0D160E02-1899-477D-B982-ED489D6E8170} = {827E0CD3-B72D-47B6-A68D-7590B98EB39B}
		{A4CB465B-395C-4A20-BA26-7B7FB04B82EE} = {827E0CD3-B72D-47B6-A68D-7590B98EB39B}
	EndGlobalSection
EndGlobal
